
Microsoft Visual Studio Solution File, Format Version 12.00
# Visual Studio Version 16
VisualStudioVersion = 16.0.30225.117
MinimumVisualStudioVersion = 10.0.40219.1
Project("{9A19103F-16F7-4668-BE54-9A1E7A4F7556}") = "CoordLibrary", "CoordLibrary\CoordLibrary.csproj", "{4FB02D0A-B5F8-469A-A9D1-6D9A12676D3C}"
EndProject
Project("{FAE04EC0-301F-11D3-BF4B-00C04F79EFBC}") = "CoordParserConsole", "CoordParserConsole\CoordParserConsole.csproj", "{273986EB-2F2A-43E6-BFD0-8B5106172ED8}"
EndProject
Global
	GlobalSection(SolutionConfigurationPlatforms) = preSolution
		Debug|Any CPU = Debug|Any CPU
		Release|Any CPU = Release|Any CPU
	EndGlobalSection
	GlobalSection(ProjectConfigurationPlatforms) = postSolution
		{4FB02D0A-B5F8-469A-A9D1-6D9A12676D3C}.Debug|Any CPU.ActiveCfg = Debug|Any CPU
		{4FB02D0A-B5F8-469A-A9D1-6D9A12676D3C}.Debug|Any CPU.Build.0 = Debug|Any CPU
		{4FB02D0A-B5F8-469A-A9D1-6D9A12676D3C}.Release|Any CPU.ActiveCfg = Release|Any CPU
		{4FB02D0A-B5F8-469A-A9D1-6D9A12676D3C}.Release|Any CPU.Build.0 = Release|Any CPU
		{273986EB-2F2A-43E6-BFD0-8B5106172ED8}.Debug|Any CPU.ActiveCfg = Debug|Any CPU
		{273986EB-2F2A-43E6-BFD0-8B5106172ED8}.Debug|Any CPU.Build.0 = Debug|Any CPU
		{273986EB-2F2A-43E6-BFD0-8B5106172ED8}.Release|Any CPU.ActiveCfg = Release|Any CPU
		{273986EB-2F2A-43E6-BFD0-8B5106172ED8}.Release|Any CPU.Build.0 = Release|Any CPU
	EndGlobalSection
	GlobalSection(SolutionProperties) = preSolution
		HideSolutionNode = FALSE
	EndGlobalSection
	GlobalSection(ExtensibilityGlobals) = postSolution
		SolutionGuid = {2D7129D9-0A1E-40FA-BE17-DCF033D2B81F}
	EndGlobalSection
EndGlobal
